
Microsoft Visual Studio Solution File, Format Version 12.00
# Visual Studio Version 16
VisualStudioVersion = 16.0.31402.337
MinimumVisualStudioVersion = 10.0.40219.1
Project("{FAE04EC0-301F-11D3-BF4B-00C04F79EFBC}") = "Eatery", "Eatery\Eatery.csproj", "{98E5B5AA-16AC-41E0-B04D-1C286159CCFE}"
EndProject
Global
	GlobalSection(SolutionConfigurationPlatforms) = preSolution
		Debug|Any CPU = Debug|Any CPU
		Release|Any CPU = Release|Any CPU
	EndGlobalSection
	GlobalSection(ProjectConfigurationPlatforms) = postSolution
		{98E5B5AA-16AC-41E0-B04D-1C286159CCFE}.Debug|Any CPU.ActiveCfg = Debug|Any CPU
		{98E5B5AA-16AC-41E0-B04D-1C286159CCFE}.Debug|Any CPU.Build.0 = Debug|Any CPU
		{98E5B5AA-16AC-41E0-B04D-1C286159CCFE}.Release|Any CPU.ActiveCfg = Release|Any CPU
		{98E5B5AA-16AC-41E0-B04D-1C286159CCFE}.Release|Any CPU.Build.0 = Release|Any CPU
	EndGlobalSection
	GlobalSection(SolutionProperties) = preSolution
		HideSolutionNode = FALSE
	EndGlobalSection
	GlobalSection(ExtensibilityGlobals) = postSolution
		SolutionGuid = {8409B659-8E66-4F7C-BA24-597F9D9E66B4}
	EndGlobalSection
EndGlobal
